
Microsoft Visual Studio Solution File, Format Version 12.00
# Visual Studio Version 17
VisualStudioVersion = 17.9.34607.119
MinimumVisualStudioVersion = 10.0.40219.1
Project("{FAE04EC0-301F-11D3-BF4B-00C04F79EFBC}") = "CompanyDetails", "CompanyDetails.csproj", "{997309D2-581E-4A14-B753-4D0893E15B87}"
EndProject
Global
	GlobalSection(SolutionConfigurationPlatforms) = preSolution
		Debug|Any CPU = Debug|Any CPU
		Release|Any CPU = Release|Any CPU
	EndGlobalSection
	GlobalSection(ProjectConfigurationPlatforms) = postSolution
		{997309D2-581E-4A14-B753-4D0893E15B87}.Debug|Any CPU.ActiveCfg = Debug|Any CPU
		{997309D2-581E-4A14-B753-4D0893E15B87}.Debug|Any CPU.Build.0 = Debug|Any CPU
		{997309D2-581E-4A14-B753-4D0893E15B87}.Release|Any CPU.ActiveCfg = Release|Any CPU
		{997309D2-581E-4A14-B753-4D0893E15B87}.Release|Any CPU.Build.0 = Release|Any CPU
	EndGlobalSection
	GlobalSection(SolutionProperties) = preSolution
		HideSolutionNode = FALSE
	EndGlobalSection
	GlobalSection(ExtensibilityGlobals) = postSolution
		SolutionGuid = {4C26CDE1-7920-4A7C-9252-A9A199A2141C}
	EndGlobalSection
EndGlobal
